
Microsoft Visual Studio Solution File, Format Version 12.00
# Visual Studio Version 17
VisualStudioVersion = 17.5.002.0
MinimumVisualStudioVersion = 10.0.40219.1
Project("{9A19103F-16F7-4668-BE54-9A1E7A4F7556}") = "M05-Project", "M05-Project.csproj", "{3D1D6377-CB94-460F-8810-4FC9216D6316}"
EndProject
Global
	GlobalSection(SolutionConfigurationPlatforms) = preSolution
		Debug|Any CPU = Debug|Any CPU
		Release|Any CPU = Release|Any CPU
	EndGlobalSection
	GlobalSection(ProjectConfigurationPlatforms) = postSolution
		{3D1D6377-CB94-460F-8810-4FC9216D6316}.Debug|Any CPU.ActiveCfg = Debug|Any CPU
		{3D1D6377-CB94-460F-8810-4FC9216D6316}.Debug|Any CPU.Build.0 = Debug|Any CPU
		{3D1D6377-CB94-460F-8810-4FC9216D6316}.Release|Any CPU.ActiveCfg = Release|Any CPU
		{3D1D6377-CB94-460F-8810-4FC9216D6316}.Release|Any CPU.Build.0 = Release|Any CPU
	EndGlobalSection
	GlobalSection(SolutionProperties) = preSolution
		HideSolutionNode = FALSE
	EndGlobalSection
	GlobalSection(ExtensibilityGlobals) = postSolution
		SolutionGuid = {F4496981-DEA8-4625-920D-9CECBC234147}
	EndGlobalSection
EndGlobal
